
Microsoft Visual Studio Solution File, Format Version 12.00
# Visual Studio 15
VisualStudioVersion = 15.0.26823.1
MinimumVisualStudioVersion = 10.0.40219.1
Project("{FAE04EC0-301F-11D3-BF4B-00C04F79EFBC}") = "Kata20170903_ReverseWords", "Kata20170903_ReverseWords\Kata20170903_ReverseWords.csproj", "{3BA0E9DC-F7D5-41BC-8FFB-A6CFEC6ED43A}"
EndProject
Global
	GlobalSection(SolutionConfigurationPlatforms) = preSolution
		Debug|Any CPU = Debug|Any CPU
		Release|Any CPU = Release|Any CPU
	EndGlobalSection
	GlobalSection(ProjectConfigurationPlatforms) = postSolution
		{3BA0E9DC-F7D5-41BC-8FFB-A6CFEC6ED43A}.Debug|Any CPU.ActiveCfg = Debug|Any CPU
		{3BA0E9DC-F7D5-41BC-8FFB-A6CFEC6ED43A}.Debug|Any CPU.Build.0 = Debug|Any CPU
		{3BA0E9DC-F7D5-41BC-8FFB-A6CFEC6ED43A}.Release|Any CPU.ActiveCfg = Release|Any CPU
		{3BA0E9DC-F7D5-41BC-8FFB-A6CFEC6ED43A}.Release|Any CPU.Build.0 = Release|Any CPU
	EndGlobalSection
	GlobalSection(SolutionProperties) = preSolution
		HideSolutionNode = FALSE
	EndGlobalSection
	GlobalSection(ExtensibilityGlobals) = postSolution
		SolutionGuid = {DECCBC87-365D-40ED-AFC1-62ED80AFF883}
	EndGlobalSection
	GlobalSection(CodealikeProperties) = postSolution
		SolutionGuid = deccbc87-365d-40ed-afc1-62ed80aff883
	EndGlobalSection
EndGlobal
